
Microsoft Visual Studio Solution File, Format Version 12.00
# Visual Studio Version 17
VisualStudioVersion = 17.13.35931.197 d17.13
MinimumVisualStudioVersion = 10.0.40219.1
Project("{FAE04EC0-301F-11D3-BF4B-00C04F79EFBC}") = "ExamenProgreso1", "ExamenProgreso1\ExamenProgreso1.csproj", "{70E2A969-FDA9-4CE7-997C-1023A78DDA68}"
EndProject
Global
	GlobalSection(SolutionConfigurationPlatforms) = preSolution
		Debug|Any CPU = Debug|Any CPU
		Release|Any CPU = Release|Any CPU
	EndGlobalSection
	GlobalSection(ProjectConfigurationPlatforms) = postSolution
		{70E2A969-FDA9-4CE7-997C-1023A78DDA68}.Debug|Any CPU.ActiveCfg = Debug|Any CPU
		{70E2A969-FDA9-4CE7-997C-1023A78DDA68}.Debug|Any CPU.Build.0 = Debug|Any CPU
		{70E2A969-FDA9-4CE7-997C-1023A78DDA68}.Release|Any CPU.ActiveCfg = Release|Any CPU
		{70E2A969-FDA9-4CE7-997C-1023A78DDA68}.Release|Any CPU.Build.0 = Release|Any CPU
	EndGlobalSection
	GlobalSection(SolutionProperties) = preSolution
		HideSolutionNode = FALSE
	EndGlobalSection
	GlobalSection(ExtensibilityGlobals) = postSolution
		SolutionGuid = {4810A67D-306C-4F54-9986-617222CEE6EB}
	EndGlobalSection
EndGlobal
